# This file is automatically @generated by Cargo.
# It is not intended for manual editing.
version = 3

[[package]]
name = "adler32"
version = "1.0.4"
source = "git+https://github.com/mesalock-linux/adler32-rs-sgx#82c9c684c765189d41b8b209f0e5f0aac92b7360"
dependencies = [
 "sgx_tstd",
]

[[package]]
name = "aead"
version = "0.4.3"
source = "registry+https://github.com/rust-lang/crates.io-index"
checksum = "0b613b8e1e3cf911a086f53f03bf286f52fd7a7258e4fa606f0ef220d39d8877"
dependencies = [
 "generic-array",
 "rand_core 0.6.3",
]

[[package]]
name = "aho-corasick"
version = "0.7.10"
source = "git+https://github.com/mesalock-linux/aho-corasick-sgx#7558a97cdf02804f38ec4edd1c0bb0dc2866267f"
dependencies = [
 "memchr",
 "sgx_tstd",
]

[[package]]
name = "byteorder"
version = "1.4.3"
source = "registry+https://github.com/rust-lang/crates.io-index"
checksum = "14c189c53d098945499cdfa7ecc63567cf3886b3332b312a5b4585d8d3a6a610"

[[package]]
name = "cc"
version = "1.0.72"
source = "registry+https://github.com/rust-lang/crates.io-index"
checksum = "22a9137b95ea06864e018375b72adfb7db6e6f68cfc8df5a04d00288050485ee"

[[package]]
name = "cfg-if"
version = "0.1.10"
source = "registry+https://github.com/rust-lang/crates.io-index"
checksum = "4785bdd1c96b2a846b2bd7cc02e86b6b3dbf14e7e53446c4f54c92a361040822"

[[package]]
name = "cfg-if"
version = "1.0.0"
source = "registry+https://github.com/rust-lang/crates.io-index"
checksum = "baf1de4339761588bc0619e3cbc0120ee582ebb74b53b4efbf79117bd2da40fd"

[[package]]
name = "cipher"
version = "0.3.0"
source = "registry+https://github.com/rust-lang/crates.io-index"
checksum = "7ee52072ec15386f770805afd189a01c8841be8696bed250fa2f13c4c0d6dfb7"
dependencies = [
 "generic-array",
]

[[package]]
name = "cpufeatures"
version = "0.2.1"
source = "registry+https://github.com/rust-lang/crates.io-index"
checksum = "95059428f66df56b63431fdb4e1947ed2190586af5c5a8a8b71122bdf5a7f469"
dependencies = [
 "libc",
]

[[package]]
name = "crc32fast"
version = "1.2.0"
source = "git+https://github.com/mesalock-linux/rust-crc32fast-sgx#5b0a0a82bf3e64410b97685f847a3a2363a36da0"
dependencies = [
 "cfg-if 0.1.10",
 "sgx_tstd",
]

[[package]]
name = "curve25519-dalek"
version = "3.2.0"
source = "registry+https://github.com/rust-lang/crates.io-index"
checksum = "0b9fdf9972b2bd6af2d913799d9ebc165ea4d2e65878e329d9c6b372c4491b61"
dependencies = [
 "byteorder",
 "digest",
 "rand_core 0.5.1",
 "subtle",
 "zeroize",
]

[[package]]
name = "digest"
version = "0.9.0"
source = "registry+https://github.com/rust-lang/crates.io-index"
checksum = "d3dd60d1080a57a05ab032377049e0591415d2b31afd7028356dbf3cc6dcb066"
dependencies = [
 "generic-array",
]

[[package]]
name = "env_logger"
version = "0.7.1"
source = "git+https://github.com/mesalock-linux/env_logger-sgx#839ef5144497dd61e7a5dc99ace41c561b576f20"
dependencies = [
 "humantime",
 "log",
 "regex",
 "sgx_tstd",
 "termcolor",
]

[[package]]
name = "generic-array"
version = "0.14.5"
source = "registry+https://github.com/rust-lang/crates.io-index"
checksum = "fd48d33ec7f05fbfa152300fdad764757cbded343c1aa1cff2fbaf4134851803"
dependencies = [
 "typenum",
 "version_check",
]

[[package]]
name = "hashbrown_tstd"
version = "0.11.2"

[[package]]
name = "hmac-sha256"
version = "1.1.1"
source = "registry+https://github.com/rust-lang/crates.io-index"
checksum = "4bf358bbbbf03cbe18c2bc53c34b9f1dc212d2ce5cc56bf95ce34cec4359613b"

[[package]]
name = "humantime"
version = "1.3.0"
source = "git+https://github.com/mesalock-linux/humantime-sgx#c5243dfa36002c01adbc9aade288ead1b2c411cc"
dependencies = [
 "quick-error",
 "sgx_tstd",
]

[[package]]
name = "lazy_static"
version = "1.4.0"
source = "registry+https://github.com/rust-lang/crates.io-index"
checksum = "e2abad23fbc42b3700f2f279844dc832adb2b2eb069b2df918f455c4e18cc646"
dependencies = [
 "spin",
]

[[package]]
name = "libc"
version = "0.2.113"
source = "registry+https://github.com/rust-lang/crates.io-index"
checksum = "eef78b64d87775463c549fbd80e19249ef436ea3bf1de2a1eb7e717ec7fab1e9"

[[package]]
name = "libflate"
version = "0.1.27"
source = "git+https://github.com/mesalock-linux/libflate-sgx#5a1f2f1c51244272241d38dc122acab844150d46"
dependencies = [
 "adler32",
 "crc32fast",
 "rle-decode-fast",
 "sgx_tstd",
 "take_mut",
]

[[package]]
name = "log"
version = "0.4.14"
source = "git+https://github.com/mesalock-linux/log-sgx#2ca9039a9ebba0ed90ed2ad57425917d4b3a2a24"
dependencies = [
 "cfg-if 1.0.0",
 "sgx_tstd",
]

[[package]]
name = "memchr"
version = "2.2.1"
source = "git+https://github.com/mesalock-linux/rust-memchr-sgx#fb51ee32766cb9a2be39b7fb2b5de26bb86dcdeb"
dependencies = [
 "sgx_libc 1.1.3",
 "sgx_tstd",
 "sgx_types 1.1.3",
]

[[package]]
name = "opaque-debug"
version = "0.3.0"
source = "registry+https://github.com/rust-lang/crates.io-index"
checksum = "624a8340c38c1b80fd549087862da4ba43e08858af025b236e509b6649fc13d5"

[[package]]
name = "poly1305"
version = "0.7.2"
source = "registry+https://github.com/rust-lang/crates.io-index"
checksum = "048aeb476be11a4b6ca432ca569e375810de9294ae78f4774e78ea98a9246ede"
dependencies = [
 "cpufeatures",
 "opaque-debug",
 "universal-hash",
]

[[package]]
name = "proc-macro2"
version = "1.0.36"
source = "registry+https://github.com/rust-lang/crates.io-index"
checksum = "c7342d5883fbccae1cc37a2353b09c87c9b0f3afd73f5fb9bba687a1f733b029"
dependencies = [
 "unicode-xid",
]

[[package]]
name = "quick-error"
version = "1.2.2"
source = "git+https://github.com/mesalock-linux/quick-error-sgx#468bf2cce746f34dd3df8c1c5b4a5a6494914d36"

[[package]]
name = "quote"
version = "1.0.14"
source = "registry+https://github.com/rust-lang/crates.io-index"
checksum = "47aa80447ce4daf1717500037052af176af5d38cc3e571d9ec1c7353fc10c87d"
dependencies = [
 "proc-macro2",
]

[[package]]
name = "rand"
version = "0.8.4"
source = "registry+https://github.com/rust-lang/crates.io-index"
checksum = "2e7573632e6454cf6b99d7aac4ccca54be06da05aca2ef7423d22d27d4d4bcd8"
dependencies = [
 "rand_core 0.6.3",
]

[[package]]
name = "rand_core"
version = "0.5.1"
source = "registry+https://github.com/rust-lang/crates.io-index"
checksum = "90bde5296fc891b0cef12a6d03ddccc162ce7b2aff54160af9338f8d40df6d19"

[[package]]
name = "rand_core"
version = "0.6.3"
source = "registry+https://github.com/rust-lang/crates.io-index"
checksum = "d34f1408f55294453790c48b2f1ebbb1c5b4b7563eb1f418bcfcfdbb06ebb4e7"

[[package]]
name = "regex"
version = "1.3.1"
source = "git+https://github.com/mesalock-linux/regex-sgx#76aef86f9836532d17764523d0fa23bb7d2e31cf"
dependencies = [
 "aho-corasick",
 "memchr",
 "regex-syntax",
 "sgx_tstd",
 "thread_local",
]

[[package]]
name = "regex-syntax"
version = "0.6.12"
source = "git+https://github.com/mesalock-linux/regex-sgx#76aef86f9836532d17764523d0fa23bb7d2e31cf"
dependencies = [
 "sgx_tstd",
]

[[package]]
name = "rle-decode-fast"
version = "1.0.2-alpha.0"
source = "git+https://github.com/mesalock-linux/rle-decode-helper-sgx#39aae91623d381ccccbb722e719b912f75b0c86b"

[[package]]
name = "salsa20"
version = "0.9.0"
source = "registry+https://github.com/rust-lang/crates.io-index"
checksum = "0c0fbb5f676da676c260ba276a8f43a8dc67cf02d1438423aeb1c677a7212686"
dependencies = [
 "cipher",
 "zeroize",
]

[[package]]
name = "sgx_alloc"
version = "1.1.4"

[[package]]
name = "sgx_backtrace_sys"
version = "1.1.4"
dependencies = [
 "cc",
 "sgx_build_helper",
 "sgx_libc 1.1.4",
]

[[package]]
name = "sgx_build_helper"
version = "1.1.4"

[[package]]
name = "sgx_demangle"
version = "1.1.4"

[[package]]
name = "sgx_libc"
version = "1.1.3"
source = "git+https://github.com/apache/teaclave-sgx-sdk.git?rev=v1.1.3#a6a172e652b4db4eaa17e4faa078fda8922abdd0"
dependencies = [
 "sgx_types 1.1.3",
]

[[package]]
name = "sgx_libc"
version = "1.1.4"
dependencies = [
 "sgx_types 1.1.4",
]

[[package]]
name = "sgx_rand"
version = "1.1.4"
dependencies = [
 "sgx_trts 1.1.4",
 "sgx_tstd",
 "sgx_types 1.1.4",
]

[[package]]
name = "sgx_tprotected_fs"
version = "1.1.4"
dependencies = [
 "sgx_trts 1.1.4",
 "sgx_types 1.1.4",
]

[[package]]
name = "sgx_trts"
version = "1.1.3"
source = "git+https://github.com/apache/teaclave-sgx-sdk.git?rev=v1.1.3#a6a172e652b4db4eaa17e4faa078fda8922abdd0"
dependencies = [
 "sgx_libc 1.1.3",
 "sgx_types 1.1.3",
]

[[package]]
name = "sgx_trts"
version = "1.1.4"
dependencies = [
 "sgx_libc 1.1.4",
 "sgx_types 1.1.4",
]

[[package]]
name = "sgx_tstd"
version = "1.1.4"
dependencies = [
 "hashbrown_tstd",
 "sgx_alloc",
 "sgx_backtrace_sys",
 "sgx_demangle",
 "sgx_libc 1.1.4",
 "sgx_tprotected_fs",
 "sgx_trts 1.1.4",
 "sgx_types 1.1.4",
 "sgx_unwind",
]

[[package]]
name = "sgx_tunittest"
version = "1.1.4"
dependencies = [
 "sgx_tstd",
]

[[package]]
name = "sgx_types"
version = "1.1.3"
source = "git+https://github.com/apache/teaclave-sgx-sdk.git?rev=v1.1.3#a6a172e652b4db4eaa17e4faa078fda8922abdd0"

[[package]]
name = "sgx_types"
version = "1.1.4"

[[package]]
name = "sgx_unwind"
version = "1.1.4"
dependencies = [
 "sgx_build_helper",
]

[[package]]
name = "skw_enclave"
version = "1.0.0"
dependencies = [
 "env_logger",
 "sgx_types 1.1.4",
 "skw_sgx_protocol",
]

[[package]]
name = "skw_sgx_protocol"
version = "0.1.0"
dependencies = [
 "hmac-sha256",
 "libflate",
 "rand",
 "sgx_rand",
 "sgx_tstd",
 "sgx_tunittest",
 "x25519-dalek",
 "xsalsa20poly1305",
]

[[package]]
name = "spin"
version = "0.5.2"
source = "registry+https://github.com/rust-lang/crates.io-index"
checksum = "6e63cff320ae2c57904679ba7cb63280a3dc4613885beafb148ee7bf9aa9042d"

[[package]]
name = "subtle"
version = "2.4.1"
source = "registry+https://github.com/rust-lang/crates.io-index"
checksum = "6bdef32e8150c2a081110b42772ffe7d7c9032b606bc226c8260fd97e0976601"

[[package]]
name = "syn"
version = "1.0.86"
source = "registry+https://github.com/rust-lang/crates.io-index"
checksum = "8a65b3f4ffa0092e9887669db0eae07941f023991ab58ea44da8fe8e2d511c6b"
dependencies = [
 "proc-macro2",
 "quote",
 "unicode-xid",
]

[[package]]
name = "synstructure"
version = "0.12.6"
source = "registry+https://github.com/rust-lang/crates.io-index"
checksum = "f36bdaa60a83aca3921b5259d5400cbf5e90fc51931376a9bd4a0eb79aa7210f"
dependencies = [
 "proc-macro2",
 "quote",
 "syn",
 "unicode-xid",
]

[[package]]
name = "take_mut"
version = "0.2.2"
source = "git+https://github.com/mesalock-linux/take_mut-sgx#aa8a7bf3a0e08932de90268f0258d8bb349b46eb"
dependencies = [
 "sgx_trts 1.1.3",
 "sgx_tstd",
]

[[package]]
name = "termcolor"
version = "1.0.5"
source = "git+https://github.com/mesalock-linux/termcolor-sgx#fee5ac79b4a90197d646f3df5e1b45ac56be718b"
dependencies = [
 "sgx_tstd",
]

[[package]]
name = "thread_local"
version = "1.0.0"
source = "git+https://github.com/mesalock-linux/thread_local-rs-sgx#a8e6e6ce280c53358f7b9e6febe534cba9950547"
dependencies = [
 "lazy_static",
 "sgx_tstd",
]

[[package]]
name = "typenum"
version = "1.15.0"
source = "registry+https://github.com/rust-lang/crates.io-index"
checksum = "dcf81ac59edc17cc8697ff311e8f5ef2d99fcbd9817b34cec66f90b6c3dfd987"

[[package]]
name = "unicode-xid"
version = "0.2.2"
source = "registry+https://github.com/rust-lang/crates.io-index"
checksum = "8ccb82d61f80a663efe1f787a51b16b5a51e3314d6ac365b08639f52387b33f3"

[[package]]
name = "universal-hash"
version = "0.4.1"
source = "registry+https://github.com/rust-lang/crates.io-index"
checksum = "9f214e8f697e925001e66ec2c6e37a4ef93f0f78c2eed7814394e10c62025b05"
dependencies = [
 "generic-array",
 "subtle",
]

[[package]]
name = "version_check"
version = "0.9.4"
source = "registry+https://github.com/rust-lang/crates.io-index"
checksum = "49874b5167b65d7193b8aba1567f5c7d93d001cafc34600cee003eda787e483f"

[[package]]
name = "x25519-dalek"
version = "2.0.0-pre.1"
source = "registry+https://github.com/rust-lang/crates.io-index"
checksum = "e5da623d8af10a62342bcbbb230e33e58a63255a58012f8653c578e54bab48df"
dependencies = [
 "curve25519-dalek",
 "rand_core 0.6.3",
 "zeroize",
]

[[package]]
name = "xsalsa20poly1305"
version = "0.8.0"
source = "registry+https://github.com/rust-lang/crates.io-index"
checksum = "e68bcb965d6c650091450b95cea12f07dcd299a01c15e2f9433b0813ea3c0886"
dependencies = [
 "aead",
 "poly1305",
 "rand_core 0.6.3",
 "salsa20",
 "subtle",
 "zeroize",
]

[[package]]
name = "zeroize"
version = "1.3.0"
source = "registry+https://github.com/rust-lang/crates.io-index"
checksum = "4756f7db3f7b5574938c3eb1c117038b8e07f95ee6718c0efad4ac21508f1efd"
dependencies = [
 "zeroize_derive",
]

[[package]]
name = "zeroize_derive"
version = "1.3.1"
source = "registry+https://github.com/rust-lang/crates.io-index"
checksum = "81e8f13fef10b63c06356d65d416b070798ddabcadc10d3ece0c5be9b3c7eddb"
dependencies = [
 "proc-macro2",
 "quote",
 "syn",
 "synstructure",
]
